
Microsoft Visual Studio Solution File, Format Version 12.00
# Visual Studio Version 16
VisualStudioVersion = 16.0.30204.135
MinimumVisualStudioVersion = 10.0.40219.1
Project("{FAE04EC0-301F-11D3-BF4B-00C04F79EFBC}") = "VueCoreAPI", "VueCoreAPI\VueCoreAPI.csproj", "{15992731-338A-4B3E-B6D4-28BB29B811BD}"
EndProject
Global
	GlobalSection(SolutionConfigurationPlatforms) = preSolution
		Debug|Any CPU = Debug|Any CPU
		Release|Any CPU = Release|Any CPU
	EndGlobalSection
	GlobalSection(ProjectConfigurationPlatforms) = postSolution
		{15992731-338A-4B3E-B6D4-28BB29B811BD}.Debug|Any CPU.ActiveCfg = Debug|Any CPU
		{15992731-338A-4B3E-B6D4-28BB29B811BD}.Debug|Any CPU.Build.0 = Debug|Any CPU
		{15992731-338A-4B3E-B6D4-28BB29B811BD}.Release|Any CPU.ActiveCfg = Release|Any CPU
		{15992731-338A-4B3E-B6D4-28BB29B811BD}.Release|Any CPU.Build.0 = Release|Any CPU
	EndGlobalSection
	GlobalSection(SolutionProperties) = preSolution
		HideSolutionNode = FALSE
	EndGlobalSection
	GlobalSection(ExtensibilityGlobals) = postSolution
		SolutionGuid = {6CA3AAE3-AF30-47B3-8429-0DFB2AF1D3C0}
	EndGlobalSection
EndGlobal
